
Microsoft Visual Studio Solution File, Format Version 12.00
# Visual Studio Version 16
VisualStudioVersion = 16.0.31205.134
MinimumVisualStudioVersion = 10.0.40219.1
Project("{FAE04EC0-301F-11D3-BF4B-00C04F79EFBC}") = "ObservatoryBotanist", "ObservatoryBotanist.csproj", "{498F7360-D443-4D64-895C-9EAB5570D019}"
EndProject
Global
	GlobalSection(SolutionConfigurationPlatforms) = preSolution
		Debug|Any CPU = Debug|Any CPU
		Release|Any CPU = Release|Any CPU
	EndGlobalSection
	GlobalSection(ProjectConfigurationPlatforms) = postSolution
		{498F7360-D443-4D64-895C-9EAB5570D019}.Debug|Any CPU.ActiveCfg = Debug|Any CPU
		{498F7360-D443-4D64-895C-9EAB5570D019}.Debug|Any CPU.Build.0 = Debug|Any CPU
		{498F7360-D443-4D64-895C-9EAB5570D019}.Release|Any CPU.ActiveCfg = Release|Any CPU
		{498F7360-D443-4D64-895C-9EAB5570D019}.Release|Any CPU.Build.0 = Release|Any CPU
	EndGlobalSection
	GlobalSection(SolutionProperties) = preSolution
		HideSolutionNode = FALSE
	EndGlobalSection
	GlobalSection(ExtensibilityGlobals) = postSolution
		SolutionGuid = {0CC48015-0A6F-420C-9939-A71F3D33FF60}
	EndGlobalSection
EndGlobal
