
Microsoft Visual Studio Solution File, Format Version 12.00
# Visual Studio Version 16
VisualStudioVersion = 16.0.31205.134
MinimumVisualStudioVersion = 10.0.40219.1
Project("{9A19103F-16F7-4668-BE54-9A1E7A4F7556}") = "ObservatoryFramework", "ObservatoryFramework.csproj", "{27ABA3B7-AB3C-465F-BA40-4F06BD803811}"
EndProject
Global
	GlobalSection(SolutionConfigurationPlatforms) = preSolution
		Debug|Any CPU = Debug|Any CPU
		Release|Any CPU = Release|Any CPU
	EndGlobalSection
	GlobalSection(ProjectConfigurationPlatforms) = postSolution
		{27ABA3B7-AB3C-465F-BA40-4F06BD803811}.Debug|Any CPU.ActiveCfg = Debug|Any CPU
		{27ABA3B7-AB3C-465F-BA40-4F06BD803811}.Debug|Any CPU.Build.0 = Debug|Any CPU
		{27ABA3B7-AB3C-465F-BA40-4F06BD803811}.Release|Any CPU.ActiveCfg = Release|Any CPU
		{27ABA3B7-AB3C-465F-BA40-4F06BD803811}.Release|Any CPU.Build.0 = Release|Any CPU
	EndGlobalSection
	GlobalSection(SolutionProperties) = preSolution
		HideSolutionNode = FALSE
	EndGlobalSection
	GlobalSection(ExtensibilityGlobals) = postSolution
		SolutionGuid = {A448965F-9149-43AB-8091-3F042B1D18E4}
	EndGlobalSection
EndGlobal
