
Microsoft Visual Studio Solution File, Format Version 12.00
# Visual Studio Version 17
VisualStudioVersion = 17.3.32922.545
MinimumVisualStudioVersion = 10.0.40219.1
Project("{FAE04EC0-301F-11D3-BF4B-00C04F79EFBC}") = "ObservatoryCore", "ObservatoryCore.csproj", "{036A9A33-8C38-4A0C-BE2E-AC64B1B22090}"
EndProject
Global
	GlobalSection(SolutionConfigurationPlatforms) = preSolution
		Debug|Any CPU = Debug|Any CPU
		Release|Any CPU = Release|Any CPU
	EndGlobalSection
	GlobalSection(ProjectConfigurationPlatforms) = postSolution
		{036A9A33-8C38-4A0C-BE2E-AC64B1B22090}.Debug|Any CPU.ActiveCfg = Debug|Any CPU
		{036A9A33-8C38-4A0C-BE2E-AC64B1B22090}.Debug|Any CPU.Build.0 = Debug|Any CPU
		{036A9A33-8C38-4A0C-BE2E-AC64B1B22090}.Release|Any CPU.ActiveCfg = Release|Any CPU
		{036A9A33-8C38-4A0C-BE2E-AC64B1B22090}.Release|Any CPU.Build.0 = Release|Any CPU
	EndGlobalSection
	GlobalSection(SolutionProperties) = preSolution
		HideSolutionNode = FALSE
	EndGlobalSection
	GlobalSection(ExtensibilityGlobals) = postSolution
		SolutionGuid = {53E6C705-9815-47F7-8ABF-92A7FA4E2F4B}
	EndGlobalSection
EndGlobal
